
Microsoft Visual Studio Solution File, Format Version 12.00
# Visual Studio Version 17
VisualStudioVersion = 17.5.33627.172
MinimumVisualStudioVersion = 10.0.40219.1
Project("{FAE04EC0-301F-11D3-BF4B-00C04F79EFBC}") = "Crystal", "Crystal\Crystal.csproj", "{8AA67994-FD94-499C-9A06-F2BE51AC3240}"
EndProject
Global
	GlobalSection(SolutionConfigurationPlatforms) = preSolution
		Debug|Any CPU = Debug|Any CPU
		Release|Any CPU = Release|Any CPU
	EndGlobalSection
	GlobalSection(ProjectConfigurationPlatforms) = postSolution
		{8AA67994-FD94-499C-9A06-F2BE51AC3240}.Debug|Any CPU.ActiveCfg = Debug|Any CPU
		{8AA67994-FD94-499C-9A06-F2BE51AC3240}.Debug|Any CPU.Build.0 = Debug|Any CPU
		{8AA67994-FD94-499C-9A06-F2BE51AC3240}.Release|Any CPU.ActiveCfg = Release|Any CPU
		{8AA67994-FD94-499C-9A06-F2BE51AC3240}.Release|Any CPU.Build.0 = Release|Any CPU
	EndGlobalSection
	GlobalSection(SolutionProperties) = preSolution
		HideSolutionNode = FALSE
	EndGlobalSection
	GlobalSection(ExtensibilityGlobals) = postSolution
		SolutionGuid = {1047E2BE-FAD4-48FC-8B31-6E793D63528A}
	EndGlobalSection
EndGlobal
